set_global_assignment -name FAMILY "Cyclone V"
set_global_assignment -name DEVICE 5CSEBA6U23I7
set_global_assignment -name TOP_LEVEL_ENTITY expanda_buffered_top
set_global_assignment -name PROJECT_OUTPUT_DIRECTORY output_files
set_global_assignment -name NUM_PARALLEL_PROCESSORS 2
set_global_assignment -name SEED 1
set_global_assignment -name SDC_FILE ../../quartus/expanda.sdc
# Out-of-context IP fitting. These are not board pin assignments.
set_instance_assignment -name VIRTUAL_PIN OFF -to clk
set_global_assignment -name VERILOG_FILE ../../rtl/expanda_controller.v
set_global_assignment -name VERILOG_FILE ../../rtl/expanda_seed_absorb.v
set_global_assignment -name VERILOG_FILE ../../rtl/expanda_shake128.v
set_global_assignment -name VERILOG_FILE ../../rtl/expanda_xof_buffer.v
set_global_assignment -name VERILOG_FILE ../../rtl/expanda_rej_ntt_poly.v
set_global_assignment -name VERILOG_FILE ../../rtl/expanda_output_packer.v
set_global_assignment -name VERILOG_FILE ../../rtl/expanda_top.v
set_global_assignment -name VERILOG_FILE ../../rtl/expanda_matrix_buffer.v
set_global_assignment -name VERILOG_FILE ../../rtl/expanda_buffered_top.v
set_parameter -name ROWS 1
set_parameter -name PARALLEL_LANES 5
# Standalone IP evaluation only: these are NOT board pin assignments.
set_instance_assignment -name VIRTUAL_PIN ON -to "rst"
set_instance_assignment -name VIRTUAL_PIN ON -to "rho_data[*]"
set_instance_assignment -name VIRTUAL_PIN ON -to "rho_valid"
set_instance_assignment -name VIRTUAL_PIN ON -to "rho_ready"
set_instance_assignment -name VIRTUAL_PIN ON -to "rho_loaded"
set_instance_assignment -name VIRTUAL_PIN ON -to "expand_a_start"
set_instance_assignment -name VIRTUAL_PIN ON -to "expand_a_ready"
set_instance_assignment -name VIRTUAL_PIN ON -to "expand_a_busy"
set_instance_assignment -name VIRTUAL_PIN ON -to "expand_a_done"
set_instance_assignment -name VIRTUAL_PIN ON -to "expand_a_error"
set_instance_assignment -name VIRTUAL_PIN ON -to "buffer_valid"
set_instance_assignment -name VIRTUAL_PIN ON -to "buffer_first_row[*]"
set_instance_assignment -name VIRTUAL_PIN ON -to "buffer_release"
set_instance_assignment -name VIRTUAL_PIN ON -to "read_enable"
set_instance_assignment -name VIRTUAL_PIN ON -to "read_addr[*]"
set_instance_assignment -name VIRTUAL_PIN ON -to "read_data[*]"
set_instance_assignment -name VIRTUAL_PIN ON -to "read_valid"
set_instance_assignment -name VIRTUAL_PIN OFF -to clk
